
Microsoft Visual Studio Solution File, Format Version 12.00
# Visual Studio Version 16
VisualStudioVersion = 16.0.32106.194
MinimumVisualStudioVersion = 10.0.40219.1
Project("{2150E333-8FDC-42A3-9474-1A3956D46DE8}") = "Recursive Algorithms", "Recursive Algorithms", "{C1B228C6-0950-444C-8E8C-18DB7FC108F7}"
EndProject
Project("{9A19103F-16F7-4668-BE54-9A1E7A4F7556}") = "Recursion", "Recursion\Recursion.csproj", "{F8FBB8C5-B43E-4BCA-90A1-A34D5780E768}"
EndProject
Project("{9A19103F-16F7-4668-BE54-9A1E7A4F7556}") = "Podmnojestva", "Podmnojestva\Podmnojestva.csproj", "{BBC5B946-BEFB-4C4D-A532-0C4FBE0CA97A}"
EndProject
Project("{9A19103F-16F7-4668-BE54-9A1E7A4F7556}") = "Permutations", "Permutations\Permutations.csproj", "{425E1030-F91B-4E68-BB9B-CC47D3F4614E}"
EndProject
Project("{9A19103F-16F7-4668-BE54-9A1E7A4F7556}") = "Combinations", "Combinations\Combinations.csproj", "{CF7079B8-C396-40B5-A7E1-68B4CC43A548}"
EndProject
Project("{2150E333-8FDC-42A3-9474-1A3956D46DE8}") = "Search_Sort", "Search_Sort", "{5DA317B4-B5FD-46FC-A21B-859FC842A1F7}"
EndProject
Project("{9A19103F-16F7-4668-BE54-9A1E7A4F7556}") = "BinarySearch", "BinarySearch\BinarySearch.csproj", "{11F5FFA1-0EDD-4E23-AA2D-DECF748F0E0B}"
EndProject
Project("{9A19103F-16F7-4668-BE54-9A1E7A4F7556}") = "BubbleSort", "BubbleSort\BubbleSort.csproj", "{6E6C8BB0-C113-4302-8BB9-DC71ACA3C4C4}"
EndProject
Project("{9A19103F-16F7-4668-BE54-9A1E7A4F7556}") = "MergeSort", "MergeSort\MergeSort.csproj", "{7E80DC97-8869-471B-A147-23955C0ED107}"
EndProject
Project("{9A19103F-16F7-4668-BE54-9A1E7A4F7556}") = "SimpleFastSort", "SimpleFastSort\SimpleFastSort.csproj", "{E6A2CAC5-72D9-425B-AE96-6E0C4E670E40}"
EndProject
Project("{9A19103F-16F7-4668-BE54-9A1E7A4F7556}") = "FastSort", "FastSort\FastSort.csproj", "{F7C5007D-D831-4AFE-83C4-60E7248EC19A}"
EndProject
Project("{2150E333-8FDC-42A3-9474-1A3956D46DE8}") = "DataStructures", "DataStructures", "{F02553BC-A91F-4343-ABB9-13100A122BAB}"
EndProject
Project("{9A19103F-16F7-4668-BE54-9A1E7A4F7556}") = "LinkedList", "LinkedList\LinkedList.csproj", "{D9680F99-E824-4B91-B2DD-EBA44E7ECC6B}"
EndProject
Project("{9A19103F-16F7-4668-BE54-9A1E7A4F7556}") = "BinaryTree", "BinaryTree\BinaryTree.csproj", "{503E40B2-7C32-4734-B1D1-B53CD95808E6}"
EndProject
Project("{FAE04EC0-301F-11D3-BF4B-00C04F79EFBC}") = "Stack", "Stack\Stack.csproj", "{BB418565-E641-4705-A661-E1507DCEFCB6}"
EndProject
Project("{FAE04EC0-301F-11D3-BF4B-00C04F79EFBC}") = "Deque", "Deque\Deque.csproj", "{44AB4106-C1DC-4EAE-BFD6-4C8DA815C221}"
EndProject
Project("{FAE04EC0-301F-11D3-BF4B-00C04F79EFBC}") = "Queue", "Queue\Queue.csproj", "{691033BA-E11D-433F-9661-1C52019AB63C}"
EndProject
Project("{2150E333-8FDC-42A3-9474-1A3956D46DE8}") = "Graphs", "Graphs", "{061229FC-CC25-443E-8827-2A014EFCF2C6}"
EndProject
Project("{FAE04EC0-301F-11D3-BF4B-00C04F79EFBC}") = "BFS_DFS", "BFS\BFS_DFS.csproj", "{4D8C75C0-93C4-4960-B278-9FD75402BA1A}"
EndProject
Project("{FAE04EC0-301F-11D3-BF4B-00C04F79EFBC}") = "Deikstra_Algoritm", "Deikstra_Algoritm\Deikstra_Algoritm.csproj", "{066FC0C1-CEF5-4C84-A16F-EBBFC3D80793}"
EndProject
Global
	GlobalSection(SolutionConfigurationPlatforms) = preSolution
		Debug|Any CPU = Debug|Any CPU
		Release|Any CPU = Release|Any CPU
	EndGlobalSection
	GlobalSection(ProjectConfigurationPlatforms) = postSolution
		{F8FBB8C5-B43E-4BCA-90A1-A34D5780E768}.Debug|Any CPU.ActiveCfg = Debug|Any CPU
		{F8FBB8C5-B43E-4BCA-90A1-A34D5780E768}.Debug|Any CPU.Build.0 = Debug|Any CPU
		{F8FBB8C5-B43E-4BCA-90A1-A34D5780E768}.Release|Any CPU.ActiveCfg = Release|Any CPU
		{F8FBB8C5-B43E-4BCA-90A1-A34D5780E768}.Release|Any CPU.Build.0 = Release|Any CPU
		{BBC5B946-BEFB-4C4D-A532-0C4FBE0CA97A}.Debug|Any CPU.ActiveCfg = Debug|Any CPU
		{BBC5B946-BEFB-4C4D-A532-0C4FBE0CA97A}.Debug|Any CPU.Build.0 = Debug|Any CPU
		{BBC5B946-BEFB-4C4D-A532-0C4FBE0CA97A}.Release|Any CPU.ActiveCfg = Release|Any CPU
		{BBC5B946-BEFB-4C4D-A532-0C4FBE0CA97A}.Release|Any CPU.Build.0 = Release|Any CPU
		{425E1030-F91B-4E68-BB9B-CC47D3F4614E}.Debug|Any CPU.ActiveCfg = Debug|Any CPU
		{425E1030-F91B-4E68-BB9B-CC47D3F4614E}.Debug|Any CPU.Build.0 = Debug|Any CPU
		{425E1030-F91B-4E68-BB9B-CC47D3F4614E}.Release|Any CPU.ActiveCfg = Release|Any CPU
		{425E1030-F91B-4E68-BB9B-CC47D3F4614E}.Release|Any CPU.Build.0 = Release|Any CPU
		{CF7079B8-C396-40B5-A7E1-68B4CC43A548}.Debug|Any CPU.ActiveCfg = Debug|Any CPU
		{CF7079B8-C396-40B5-A7E1-68B4CC43A548}.Debug|Any CPU.Build.0 = Debug|Any CPU
		{CF7079B8-C396-40B5-A7E1-68B4CC43A548}.Release|Any CPU.ActiveCfg = Release|Any CPU
		{CF7079B8-C396-40B5-A7E1-68B4CC43A548}.Release|Any CPU.Build.0 = Release|Any CPU
		{11F5FFA1-0EDD-4E23-AA2D-DECF748F0E0B}.Debug|Any CPU.ActiveCfg = Debug|Any CPU
		{11F5FFA1-0EDD-4E23-AA2D-DECF748F0E0B}.Debug|Any CPU.Build.0 = Debug|Any CPU
		{11F5FFA1-0EDD-4E23-AA2D-DECF748F0E0B}.Release|Any CPU.ActiveCfg = Release|Any CPU
		{11F5FFA1-0EDD-4E23-AA2D-DECF748F0E0B}.Release|Any CPU.Build.0 = Release|Any CPU
		{6E6C8BB0-C113-4302-8BB9-DC71ACA3C4C4}.Debug|Any CPU.ActiveCfg = Debug|Any CPU
		{6E6C8BB0-C113-4302-8BB9-DC71ACA3C4C4}.Debug|Any CPU.Build.0 = Debug|Any CPU
		{6E6C8BB0-C113-4302-8BB9-DC71ACA3C4C4}.Release|Any CPU.ActiveCfg = Release|Any CPU
		{6E6C8BB0-C113-4302-8BB9-DC71ACA3C4C4}.Release|Any CPU.Build.0 = Release|Any CPU
		{7E80DC97-8869-471B-A147-23955C0ED107}.Debug|Any CPU.ActiveCfg = Debug|Any CPU
		{7E80DC97-8869-471B-A147-23955C0ED107}.Debug|Any CPU.Build.0 = Debug|Any CPU
		{7E80DC97-8869-471B-A147-23955C0ED107}.Release|Any CPU.ActiveCfg = Release|Any CPU
		{7E80DC97-8869-471B-A147-23955C0ED107}.Release|Any CPU.Build.0 = Release|Any CPU
		{E6A2CAC5-72D9-425B-AE96-6E0C4E670E40}.Debug|Any CPU.ActiveCfg = Debug|Any CPU
		{E6A2CAC5-72D9-425B-AE96-6E0C4E670E40}.Debug|Any CPU.Build.0 = Debug|Any CPU
		{E6A2CAC5-72D9-425B-AE96-6E0C4E670E40}.Release|Any CPU.ActiveCfg = Release|Any CPU
		{E6A2CAC5-72D9-425B-AE96-6E0C4E670E40}.Release|Any CPU.Build.0 = Release|Any CPU
		{F7C5007D-D831-4AFE-83C4-60E7248EC19A}.Debug|Any CPU.ActiveCfg = Debug|Any CPU
		{F7C5007D-D831-4AFE-83C4-60E7248EC19A}.Debug|Any CPU.Build.0 = Debug|Any CPU
		{F7C5007D-D831-4AFE-83C4-60E7248EC19A}.Release|Any CPU.ActiveCfg = Release|Any CPU
		{F7C5007D-D831-4AFE-83C4-60E7248EC19A}.Release|Any CPU.Build.0 = Release|Any CPU
		{D9680F99-E824-4B91-B2DD-EBA44E7ECC6B}.Debug|Any CPU.ActiveCfg = Debug|Any CPU
		{D9680F99-E824-4B91-B2DD-EBA44E7ECC6B}.Debug|Any CPU.Build.0 = Debug|Any CPU
		{D9680F99-E824-4B91-B2DD-EBA44E7ECC6B}.Release|Any CPU.ActiveCfg = Release|Any CPU
		{D9680F99-E824-4B91-B2DD-EBA44E7ECC6B}.Release|Any CPU.Build.0 = Release|Any CPU
		{503E40B2-7C32-4734-B1D1-B53CD95808E6}.Debug|Any CPU.ActiveCfg = Debug|Any CPU
		{503E40B2-7C32-4734-B1D1-B53CD95808E6}.Debug|Any CPU.Build.0 = Debug|Any CPU
		{503E40B2-7C32-4734-B1D1-B53CD95808E6}.Release|Any CPU.ActiveCfg = Release|Any CPU
		{503E40B2-7C32-4734-B1D1-B53CD95808E6}.Release|Any CPU.Build.0 = Release|Any CPU
		{BB418565-E641-4705-A661-E1507DCEFCB6}.Debug|Any CPU.ActiveCfg = Debug|Any CPU
		{BB418565-E641-4705-A661-E1507DCEFCB6}.Debug|Any CPU.Build.0 = Debug|Any CPU
		{BB418565-E641-4705-A661-E1507DCEFCB6}.Release|Any CPU.ActiveCfg = Release|Any CPU
		{BB418565-E641-4705-A661-E1507DCEFCB6}.Release|Any CPU.Build.0 = Release|Any CPU
		{44AB4106-C1DC-4EAE-BFD6-4C8DA815C221}.Debug|Any CPU.ActiveCfg = Debug|Any CPU
		{44AB4106-C1DC-4EAE-BFD6-4C8DA815C221}.Debug|Any CPU.Build.0 = Debug|Any CPU
		{44AB4106-C1DC-4EAE-BFD6-4C8DA815C221}.Release|Any CPU.ActiveCfg = Release|Any CPU
		{44AB4106-C1DC-4EAE-BFD6-4C8DA815C221}.Release|Any CPU.Build.0 = Release|Any CPU
		{691033BA-E11D-433F-9661-1C52019AB63C}.Debug|Any CPU.ActiveCfg = Debug|Any CPU
		{691033BA-E11D-433F-9661-1C52019AB63C}.Debug|Any CPU.Build.0 = Debug|Any CPU
		{691033BA-E11D-433F-9661-1C52019AB63C}.Release|Any CPU.ActiveCfg = Release|Any CPU
		{691033BA-E11D-433F-9661-1C52019AB63C}.Release|Any CPU.Build.0 = Release|Any CPU
		{4D8C75C0-93C4-4960-B278-9FD75402BA1A}.Debug|Any CPU.ActiveCfg = Debug|Any CPU
		{4D8C75C0-93C4-4960-B278-9FD75402BA1A}.Debug|Any CPU.Build.0 = Debug|Any CPU
		{4D8C75C0-93C4-4960-B278-9FD75402BA1A}.Release|Any CPU.ActiveCfg = Release|Any CPU
		{4D8C75C0-93C4-4960-B278-9FD75402BA1A}.Release|Any CPU.Build.0 = Release|Any CPU
		{066FC0C1-CEF5-4C84-A16F-EBBFC3D80793}.Debug|Any CPU.ActiveCfg = Debug|Any CPU
		{066FC0C1-CEF5-4C84-A16F-EBBFC3D80793}.Debug|Any CPU.Build.0 = Debug|Any CPU
		{066FC0C1-CEF5-4C84-A16F-EBBFC3D80793}.Release|Any CPU.ActiveCfg = Release|Any CPU
		{066FC0C1-CEF5-4C84-A16F-EBBFC3D80793}.Release|Any CPU.Build.0 = Release|Any CPU
	EndGlobalSection
	GlobalSection(SolutionProperties) = preSolution
		HideSolutionNode = FALSE
	EndGlobalSection
	GlobalSection(NestedProjects) = preSolution
		{F8FBB8C5-B43E-4BCA-90A1-A34D5780E768} = {C1B228C6-0950-444C-8E8C-18DB7FC108F7}
		{BBC5B946-BEFB-4C4D-A532-0C4FBE0CA97A} = {C1B228C6-0950-444C-8E8C-18DB7FC108F7}
		{425E1030-F91B-4E68-BB9B-CC47D3F4614E} = {C1B228C6-0950-444C-8E8C-18DB7FC108F7}
		{CF7079B8-C396-40B5-A7E1-68B4CC43A548} = {C1B228C6-0950-444C-8E8C-18DB7FC108F7}
		{11F5FFA1-0EDD-4E23-AA2D-DECF748F0E0B} = {5DA317B4-B5FD-46FC-A21B-859FC842A1F7}
		{6E6C8BB0-C113-4302-8BB9-DC71ACA3C4C4} = {5DA317B4-B5FD-46FC-A21B-859FC842A1F7}
		{7E80DC97-8869-471B-A147-23955C0ED107} = {5DA317B4-B5FD-46FC-A21B-859FC842A1F7}
		{E6A2CAC5-72D9-425B-AE96-6E0C4E670E40} = {5DA317B4-B5FD-46FC-A21B-859FC842A1F7}
		{F7C5007D-D831-4AFE-83C4-60E7248EC19A} = {5DA317B4-B5FD-46FC-A21B-859FC842A1F7}
		{D9680F99-E824-4B91-B2DD-EBA44E7ECC6B} = {F02553BC-A91F-4343-ABB9-13100A122BAB}
		{503E40B2-7C32-4734-B1D1-B53CD95808E6} = {F02553BC-A91F-4343-ABB9-13100A122BAB}
		{BB418565-E641-4705-A661-E1507DCEFCB6} = {F02553BC-A91F-4343-ABB9-13100A122BAB}
		{44AB4106-C1DC-4EAE-BFD6-4C8DA815C221} = {F02553BC-A91F-4343-ABB9-13100A122BAB}
		{691033BA-E11D-433F-9661-1C52019AB63C} = {F02553BC-A91F-4343-ABB9-13100A122BAB}
		{4D8C75C0-93C4-4960-B278-9FD75402BA1A} = {061229FC-CC25-443E-8827-2A014EFCF2C6}
		{066FC0C1-CEF5-4C84-A16F-EBBFC3D80793} = {061229FC-CC25-443E-8827-2A014EFCF2C6}
	EndGlobalSection
	GlobalSection(ExtensibilityGlobals) = postSolution
		SolutionGuid = {28DEE709-E8B4-4224-9B93-DADADFCF84B7}
	EndGlobalSection
EndGlobal
